
Microsoft Visual Studio Solution File, Format Version 12.00
# Visual Studio Version 16
VisualStudioVersion = 16.0.30413.136
MinimumVisualStudioVersion = 10.0.40219.1
Project("{FAE04EC0-301F-11D3-BF4B-00C04F79EFBC}") = "EjemploParcial", "EjemploParcial\EjemploParcial.csproj", "{99F01042-FC90-44A4-8DBE-09B3A1B3FF11}"
EndProject
Project("{FAE04EC0-301F-11D3-BF4B-00C04F79EFBC}") = "Libreria", "Libreria\Libreria.csproj", "{A226FD9B-3BC4-49DC-AADF-1BF69B00D496}"
EndProject
Global
	GlobalSection(SolutionConfigurationPlatforms) = preSolution
		Debug|Any CPU = Debug|Any CPU
		Release|Any CPU = Release|Any CPU
	EndGlobalSection
	GlobalSection(ProjectConfigurationPlatforms) = postSolution
		{99F01042-FC90-44A4-8DBE-09B3A1B3FF11}.Debug|Any CPU.ActiveCfg = Debug|Any CPU
		{99F01042-FC90-44A4-8DBE-09B3A1B3FF11}.Debug|Any CPU.Build.0 = Debug|Any CPU
		{99F01042-FC90-44A4-8DBE-09B3A1B3FF11}.Release|Any CPU.ActiveCfg = Release|Any CPU
		{99F01042-FC90-44A4-8DBE-09B3A1B3FF11}.Release|Any CPU.Build.0 = Release|Any CPU
		{A226FD9B-3BC4-49DC-AADF-1BF69B00D496}.Debug|Any CPU.ActiveCfg = Debug|Any CPU
		{A226FD9B-3BC4-49DC-AADF-1BF69B00D496}.Debug|Any CPU.Build.0 = Debug|Any CPU
		{A226FD9B-3BC4-49DC-AADF-1BF69B00D496}.Release|Any CPU.ActiveCfg = Release|Any CPU
		{A226FD9B-3BC4-49DC-AADF-1BF69B00D496}.Release|Any CPU.Build.0 = Release|Any CPU
	EndGlobalSection
	GlobalSection(SolutionProperties) = preSolution
		HideSolutionNode = FALSE
	EndGlobalSection
	GlobalSection(ExtensibilityGlobals) = postSolution
		SolutionGuid = {12B0C607-D552-421A-88B0-62985EECF14B}
	EndGlobalSection
EndGlobal
